
Microsoft Visual Studio Solution File, Format Version 12.00
# Visual Studio Version 17
VisualStudioVersion = 17.14.36414.22 d17.14
MinimumVisualStudioVersion = 10.0.40219.1
Project("{FAE04EC0-301F-11D3-BF4B-00C04F79EFBC}") = "VEhicleRentalApp", "VEhicleRentalApp.csproj", "{6BC7D7F4-2813-43A6-990A-00100F61366E}"
EndProject
Global
	GlobalSection(SolutionConfigurationPlatforms) = preSolution
		Debug|Any CPU = Debug|Any CPU
		Release|Any CPU = Release|Any CPU
	EndGlobalSection
	GlobalSection(ProjectConfigurationPlatforms) = postSolution
		{6BC7D7F4-2813-43A6-990A-00100F61366E}.Debug|Any CPU.ActiveCfg = Debug|Any CPU
		{6BC7D7F4-2813-43A6-990A-00100F61366E}.Debug|Any CPU.Build.0 = Debug|Any CPU
		{6BC7D7F4-2813-43A6-990A-00100F61366E}.Release|Any CPU.ActiveCfg = Release|Any CPU
		{6BC7D7F4-2813-43A6-990A-00100F61366E}.Release|Any CPU.Build.0 = Release|Any CPU
	EndGlobalSection
	GlobalSection(SolutionProperties) = preSolution
		HideSolutionNode = FALSE
	EndGlobalSection
	GlobalSection(ExtensibilityGlobals) = postSolution
		SolutionGuid = {8CA64F5A-8751-49D0-90F5-DF9874715F5C}
	EndGlobalSection
EndGlobal
