
Microsoft Visual Studio Solution File, Format Version 12.00
# Visual Studio Version 17
VisualStudioVersion = 17.14.36414.22 d17.14
MinimumVisualStudioVersion = 10.0.40219.1
Project("{FAE04EC0-301F-11D3-BF4B-00C04F79EFBC}") = "Constructorexdemo", "Constructorexdemo.csproj", "{93339CAD-A6C0-487D-B2E5-64B17DFD1C97}"
EndProject
Global
	GlobalSection(SolutionConfigurationPlatforms) = preSolution
		Debug|Any CPU = Debug|Any CPU
		Release|Any CPU = Release|Any CPU
	EndGlobalSection
	GlobalSection(ProjectConfigurationPlatforms) = postSolution
		{93339CAD-A6C0-487D-B2E5-64B17DFD1C97}.Debug|Any CPU.ActiveCfg = Debug|Any CPU
		{93339CAD-A6C0-487D-B2E5-64B17DFD1C97}.Debug|Any CPU.Build.0 = Debug|Any CPU
		{93339CAD-A6C0-487D-B2E5-64B17DFD1C97}.Release|Any CPU.ActiveCfg = Release|Any CPU
		{93339CAD-A6C0-487D-B2E5-64B17DFD1C97}.Release|Any CPU.Build.0 = Release|Any CPU
	EndGlobalSection
	GlobalSection(SolutionProperties) = preSolution
		HideSolutionNode = FALSE
	EndGlobalSection
	GlobalSection(ExtensibilityGlobals) = postSolution
		SolutionGuid = {9462384D-D7F8-4765-8F3E-2C66DF88C799}
	EndGlobalSection
EndGlobal
