
Microsoft Visual Studio Solution File, Format Version 12.00
# Visual Studio Version 17
VisualStudioVersion = 17.14.36414.22 d17.14
MinimumVisualStudioVersion = 10.0.40219.1
Project("{FAE04EC0-301F-11D3-BF4B-00C04F79EFBC}") = "BankAccountDemo", "BankAccountDemo.csproj", "{E4EFE933-87DF-4415-8CD2-7862AC55CE59}"
EndProject
Global
	GlobalSection(SolutionConfigurationPlatforms) = preSolution
		Debug|Any CPU = Debug|Any CPU
		Release|Any CPU = Release|Any CPU
	EndGlobalSection
	GlobalSection(ProjectConfigurationPlatforms) = postSolution
		{E4EFE933-87DF-4415-8CD2-7862AC55CE59}.Debug|Any CPU.ActiveCfg = Debug|Any CPU
		{E4EFE933-87DF-4415-8CD2-7862AC55CE59}.Debug|Any CPU.Build.0 = Debug|Any CPU
		{E4EFE933-87DF-4415-8CD2-7862AC55CE59}.Release|Any CPU.ActiveCfg = Release|Any CPU
		{E4EFE933-87DF-4415-8CD2-7862AC55CE59}.Release|Any CPU.Build.0 = Release|Any CPU
	EndGlobalSection
	GlobalSection(SolutionProperties) = preSolution
		HideSolutionNode = FALSE
	EndGlobalSection
	GlobalSection(ExtensibilityGlobals) = postSolution
		SolutionGuid = {879950EE-86EE-459B-B247-83944BFAD08C}
	EndGlobalSection
EndGlobal
