
Microsoft Visual Studio Solution File, Format Version 12.00
# Visual Studio Version 17
VisualStudioVersion = 17.14.36414.22 d17.14
MinimumVisualStudioVersion = 10.0.40219.1
Project("{FAE04EC0-301F-11D3-BF4B-00C04F79EFBC}") = "AbstractDemo", "AbstractDemo.csproj", "{A7B12A14-D79A-456B-9EC4-6E2E26DE1640}"
EndProject
Global
	GlobalSection(SolutionConfigurationPlatforms) = preSolution
		Debug|Any CPU = Debug|Any CPU
		Release|Any CPU = Release|Any CPU
	EndGlobalSection
	GlobalSection(ProjectConfigurationPlatforms) = postSolution
		{A7B12A14-D79A-456B-9EC4-6E2E26DE1640}.Debug|Any CPU.ActiveCfg = Debug|Any CPU
		{A7B12A14-D79A-456B-9EC4-6E2E26DE1640}.Debug|Any CPU.Build.0 = Debug|Any CPU
		{A7B12A14-D79A-456B-9EC4-6E2E26DE1640}.Release|Any CPU.ActiveCfg = Release|Any CPU
		{A7B12A14-D79A-456B-9EC4-6E2E26DE1640}.Release|Any CPU.Build.0 = Release|Any CPU
	EndGlobalSection
	GlobalSection(SolutionProperties) = preSolution
		HideSolutionNode = FALSE
	EndGlobalSection
	GlobalSection(ExtensibilityGlobals) = postSolution
		SolutionGuid = {2BE418A0-2D29-415E-AFA6-E29755B485F8}
	EndGlobalSection
EndGlobal
